{
  "nodes": {
    "chaotic": {
      "inputs": {
        "flake-schemas": "flake-schemas",
        "home-manager": "home-manager",
        "jovian": "jovian",
        "nixpkgs": "nixpkgs",
        "rust-overlay": "rust-overlay"
      },
      "locked": {
        "lastModified": 1754828778,
        "narHash": "sha256-HA1MODRqLVV/WTfXvFjTV8g+HlOIpBp3DBO1lz6Xcoc=",
        "owner": "chaotic-cx",
        "repo": "nyx",
        "rev": "c86818cd3488f983172055a77b23cea4fd98a230",
        "type": "github"
      },
      "original": {
        "owner": "chaotic-cx",
        "ref": "nyxpkgs-unstable",
        "repo": "nyx",
        "type": "github"
      }
    },
    "flake-schemas": {
      "locked": {
        "lastModified": 1721999734,
        "narHash": "sha256-G5CxYeJVm4lcEtaO87LKzOsVnWeTcHGKbKxNamNWgOw=",
        "rev": "0a5c42297d870156d9c57d8f99e476b738dcd982",
        "revCount": 75,
        "type": "tarball",
        "url": "https://api.flakehub.com/f/pinned/DeterminateSystems/flake-schemas/0.1.5/0190ef2f-61e0-794b-ba14-e82f225e55e6/source.tar.gz"
      },
      "original": {
        "type": "tarball",
        "url": "https://flakehub.com/f/DeterminateSystems/flake-schemas/%3D0.1.5.tar.gz"
      }
    },
    "home-manager": {
      "inputs": {
        "nixpkgs": [
          "chaotic",
          "nixpkgs"
        ]
      },
      "locked": {
        "lastModified": 1754613544,
        "narHash": "sha256-ueR1mGX4I4DWfDRRxxMphbKDNisDeMPMusN72VV1+cc=",
        "owner": "nix-community",
        "repo": "home-manager",
        "rev": "cc2fa2331aebf9661d22bb507d362b39852ac73f",
        "type": "github"
      },
      "original": {
        "owner": "nix-community",
        "repo": "home-manager",
        "type": "github"
      }
    },
    "home-manager_2": {
      "inputs": {
        "nixpkgs": [
          "icedos-apps-zen-zen",
          "nixpkgs"
        ]
      },
      "locked": {
        "lastModified": 1752603129,
        "narHash": "sha256-S+wmHhwNQ5Ru689L2Gu8n1OD6s9eU9n9mD827JNR+kw=",
        "owner": "nix-community",
        "repo": "home-manager",
        "rev": "e8c19a3cec2814c754f031ab3ae7316b64da085b",
        "type": "github"
      },
      "original": {
        "owner": "nix-community",
        "repo": "home-manager",
        "type": "github"
      }
    },
    "icedos-apps-0": {
      "locked": {
        "lastModified": 1754866172,
        "narHash": "sha256-DKInHko3C20h3ohV1lWXNkokCY6bqaq++dwNzXf3JEg=",
        "owner": "icedos",
        "repo": "apps",
        "rev": "8fa611aff0aa75952bd66c23057baf7909f2b3db",
        "type": "github"
      },
      "original": {
        "owner": "icedos",
        "repo": "apps",
        "type": "github"
      }
    },
    "icedos-apps-zen-zen": {
      "inputs": {
        "home-manager": "home-manager_2",
        "nixpkgs": [
          "nixpkgs"
        ]
      },
      "locked": {
        "lastModified": 1754857314,
        "narHash": "sha256-taPsifiPMop6kydjYJEge3JmIzf/cRHL12NRrMOJQ6E=",
        "owner": "0xc000022070",
        "repo": "zen-browser-flake",
        "rev": "31c82886eda8ba3ea7f97db91ced74f5bf741c12",
        "type": "github"
      },
      "original": {
        "owner": "0xc000022070",
        "repo": "zen-browser-flake",
        "type": "github"
      }
    },
    "icedos-desktop-0": {
      "locked": {
        "lastModified": 1754849809,
        "narHash": "sha256-TY1Gp5vFnFjxT50b8psD9ePQUJ9fv86b4QL4PJBnVjY=",
        "owner": "icedos",
        "repo": "desktop",
        "rev": "3079ca44ff821fdc257b3987750ceb13930cad16",
        "type": "github"
      },
      "original": {
        "owner": "icedos",
        "repo": "desktop",
        "type": "github"
      }
    },
    "icedos-hardware-0": {
      "locked": {
        "lastModified": 1754865957,
        "narHash": "sha256-dhsbTjxtc8NXzK5FDIURjRDeAg3Nf1EZ+zB7msqoFik=",
        "owner": "icedos",
        "repo": "hardware",
        "rev": "c1af6e2d9bb14242703bcccee2e4b8a1a504659f",
        "type": "github"
      },
      "original": {
        "owner": "icedos",
        "repo": "hardware",
        "type": "github"
      }
    },
    "jovian": {
      "inputs": {
        "nix-github-actions": "nix-github-actions",
        "nixpkgs": [
          "chaotic",
          "nixpkgs"
        ]
      },
      "locked": {
        "lastModified": 1754639028,
        "narHash": "sha256-w1+XzPBAZPbeGLMAgAlOjIquswo6Q42PMep9KSrRzOA=",
        "owner": "Jovian-Experiments",
        "repo": "Jovian-NixOS",
        "rev": "d49809278138d17be77ab0ef5506b26dc477fa62",
        "type": "github"
      },
      "original": {
        "owner": "Jovian-Experiments",
        "repo": "Jovian-NixOS",
        "type": "github"
      }
    },
    "nerivations": {
      "inputs": {
        "nixpkgs": [
          "nixpkgs"
        ]
      },
      "locked": {
        "lastModified": 1754407466,
        "narHash": "sha256-6s2TUlTUP6f7r386JY6J2CXwlh37ApH5clYj9TwTE8E=",
        "owner": "icedborn",
        "repo": "nerivations",
        "rev": "e7ce2aef30e2db46d06af11f95328d5dec11d4b7",
        "type": "github"
      },
      "original": {
        "owner": "icedborn",
        "repo": "nerivations",
        "type": "github"
      }
    },
    "nix-github-actions": {
      "inputs": {
        "nixpkgs": [
          "chaotic",
          "jovian",
          "nixpkgs"
        ]
      },
      "locked": {
        "lastModified": 1729697500,
        "narHash": "sha256-VFTWrbzDlZyFHHb1AlKRiD/qqCJIripXKiCSFS8fAOY=",
        "owner": "zhaofengli",
        "repo": "nix-github-actions",
        "rev": "e418aeb728b6aa5ca8c5c71974e7159c2df1d8cf",
        "type": "github"
      },
      "original": {
        "owner": "zhaofengli",
        "ref": "matrix-name",
        "repo": "nix-github-actions",
        "type": "github"
      }
    },
    "nixpkgs": {
      "locked": {
        "lastModified": 1754725699,
        "narHash": "sha256-iAcj9T/Y+3DBy2J0N+yF9XQQQ8IEb5swLFzs23CdP88=",
        "owner": "NixOS",
        "repo": "nixpkgs",
        "rev": "85dbfc7aaf52ecb755f87e577ddbe6dbbdbc1054",
        "type": "github"
      },
      "original": {
        "owner": "NixOS",
        "ref": "nixos-unstable",
        "repo": "nixpkgs",
        "type": "github"
      }
    },
    "root": {
      "inputs": {
        "chaotic": "chaotic",
        "home-manager": [
          "chaotic",
          "home-manager"
        ],
        "icedos-apps-0": "icedos-apps-0",
        "icedos-apps-zen-zen": "icedos-apps-zen-zen",
        "icedos-desktop-0": "icedos-desktop-0",
        "icedos-hardware-0": "icedos-hardware-0",
        "nerivations": "nerivations",
        "nixpkgs": [
          "chaotic",
          "nixpkgs"
        ]
      }
    },
    "rust-overlay": {
      "inputs": {
        "nixpkgs": [
          "chaotic",
          "nixpkgs"
        ]
      },
      "locked": {
        "lastModified": 1754621349,
        "narHash": "sha256-JkXUS/nBHyUqVTuL4EDCvUWauTHV78EYfk+WqiTAMQ4=",
        "owner": "oxalica",
        "repo": "rust-overlay",
        "rev": "c448ab42002ac39d3337da10420c414fccfb1088",
        "type": "github"
      },
      "original": {
        "owner": "oxalica",
        "repo": "rust-overlay",
        "type": "github"
      }
    }
  },
  "root": "root",
  "version": 7
}
